
Microsoft Visual Studio Solution File, Format Version 12.00
# Visual Studio Version 17
VisualStudioVersion = 17.6.33712.159
MinimumVisualStudioVersion = 10.0.40219.1
Project("{FAE04EC0-301F-11D3-BF4B-00C04F79EFBC}") = "ConsoleApp4", "ConsoleApp4\ConsoleApp4.csproj", "{581337AD-2CBA-4474-893D-63C1D4BE1480}"
EndProject
Global
	GlobalSection(SolutionConfigurationPlatforms) = preSolution
		Debug|Any CPU = Debug|Any CPU
		Release|Any CPU = Release|Any CPU
	EndGlobalSection
	GlobalSection(ProjectConfigurationPlatforms) = postSolution
		{581337AD-2CBA-4474-893D-63C1D4BE1480}.Debug|Any CPU.ActiveCfg = Debug|Any CPU
		{581337AD-2CBA-4474-893D-63C1D4BE1480}.Debug|Any CPU.Build.0 = Debug|Any CPU
		{581337AD-2CBA-4474-893D-63C1D4BE1480}.Release|Any CPU.ActiveCfg = Release|Any CPU
		{581337AD-2CBA-4474-893D-63C1D4BE1480}.Release|Any CPU.Build.0 = Release|Any CPU
	EndGlobalSection
	GlobalSection(SolutionProperties) = preSolution
		HideSolutionNode = FALSE
	EndGlobalSection
	GlobalSection(ExtensibilityGlobals) = postSolution
		SolutionGuid = {3196BD84-634C-499F-A6D3-FA2881A76C94}
	EndGlobalSection
EndGlobal
